
Microsoft Visual Studio Solution File, Format Version 12.00
# Visual Studio Version 17
VisualStudioVersion = 17.3.32819.101
MinimumVisualStudioVersion = 10.0.40219.1
Project("{FAE04EC0-301F-11D3-BF4B-00C04F79EFBC}") = "NugetLogger", "NugetLogger.csproj", "{2B1C248A-B2EA-44BE-BCCD-BB06751A87EE}"
EndProject
Global
	GlobalSection(SolutionConfigurationPlatforms) = preSolution
		Debug|Any CPU = Debug|Any CPU
		Release|Any CPU = Release|Any CPU
	EndGlobalSection
	GlobalSection(ProjectConfigurationPlatforms) = postSolution
		{2B1C248A-B2EA-44BE-BCCD-BB06751A87EE}.Debug|Any CPU.ActiveCfg = Debug|Any CPU
		{2B1C248A-B2EA-44BE-BCCD-BB06751A87EE}.Debug|Any CPU.Build.0 = Debug|Any CPU
		{2B1C248A-B2EA-44BE-BCCD-BB06751A87EE}.Release|Any CPU.ActiveCfg = Release|Any CPU
		{2B1C248A-B2EA-44BE-BCCD-BB06751A87EE}.Release|Any CPU.Build.0 = Release|Any CPU
	EndGlobalSection
	GlobalSection(SolutionProperties) = preSolution
		HideSolutionNode = FALSE
	EndGlobalSection
	GlobalSection(ExtensibilityGlobals) = postSolution
		SolutionGuid = {D362D6B5-17A8-4683-9206-7CD2293E78D1}
	EndGlobalSection
EndGlobal
